{
  "nodes": {
    "haumea": {
      "inputs": {
        "nixpkgs": [
          "namaka",
          "nixpkgs"
        ]
      },
      "locked": {
        "lastModified": 1685133229,
        "narHash": "sha256-FePm/Gi9PBSNwiDFq3N+DWdfxFq0UKsVVTJS3cQPn94=",
        "owner": "nix-community",
        "repo": "haumea",
        "rev": "34dd58385092a23018748b50f9b23de6266dffc2",
        "type": "github"
      },
      "original": {
        "owner": "nix-community",
        "ref": "v0.2.2",
        "repo": "haumea",
        "type": "github"
      }
    },
    "namaka": {
      "inputs": {
        "haumea": "haumea",
        "nixpkgs": "nixpkgs"
      },
      "locked": {
        "lastModified": 1704231769,
        "narHash": "sha256-Cf6Pe0vm894elCy8HFClM48bnSX4AhqZrfTS741jig8=",
        "owner": "nix-community",
        "repo": "namaka",
        "rev": "9d86dfb72e64679dbd0a8aa8ce27cb803eaf1f37",
        "type": "github"
      },
      "original": {
        "owner": "nix-community",
        "repo": "namaka",
        "type": "github"
      }
    },
    "nixpkgs": {
      "locked": {
        "lastModified": 1688590700,
        "narHash": "sha256-ZF055rIUP89cVwiLpG5xkJzx00gEuuGFF60Bs/LM3wc=",
        "owner": "nixos",
        "repo": "nixpkgs",
        "rev": "f292b4964cb71f9dfbbd30dc9f511d6165cd109b",
        "type": "github"
      },
      "original": {
        "owner": "nixos",
        "ref": "nixos-unstable",
        "repo": "nixpkgs",
        "type": "github"
      }
    },
    "nixpkgs_2": {
      "locked": {
        "lastModified": 1708692673,
        "narHash": "sha256-qIQMXkkp3/Lo2Zu41BK/oN3Dt3b5rUJELvt+CbAXPXw=",
        "owner": "NixOS",
        "repo": "nixpkgs",
        "rev": "48b75eb6e521f2303cb3cd53a94ec80021b422aa",
        "type": "github"
      },
      "original": {
        "owner": "NixOS",
        "ref": "nixpkgs-unstable",
        "repo": "nixpkgs",
        "type": "github"
      }
    },
    "root": {
      "inputs": {
        "namaka": "namaka",
        "nixpkgs": "nixpkgs_2"
      }
    }
  },
  "root": "root",
  "version": 7
}
