{
  "nodes": {
    "flops": {
      "locked": {
        "lastModified": 1776642281,
        "narHash": "sha256-hHJm9bQD4BrpGKnivYuw/fpuzAByAafR/z/XY6eLiIg=",
        "owner": "tao3k",
        "repo": "flops",
        "rev": "da56b2ef33725f2ea6677b923b79027543900c06",
        "type": "github"
      },
      "original": {
        "owner": "tao3k",
        "repo": "flops",
        "type": "github"
      }
    },
    "root": {
      "inputs": {
        "flops": "flops"
      }
    }
  },
  "root": "root",
  "version": 7
}
