{
  "nodes": {
    "POP": {
      "inputs": {
        "flake-compat": [
          "flops"
        ],
        "nixlib": [
          "flops",
          "nixlib"
        ],
        "nixpkgs": [
          "flops"
        ]
      },
      "locked": {
        "lastModified": 1655410953,
        "narHash": "sha256-Er0zdhu7QwpWvVKfauqZqTnxDz6THTWOTVWLoz+Opmw=",
        "owner": "divnix",
        "repo": "POP",
        "rev": "8babe4c9126298d05ebb5ab04727d741b51c022e",
        "type": "github"
      },
      "original": {
        "owner": "divnix",
        "repo": "POP",
        "type": "github"
      }
    },
    "call-flake": {
      "locked": {
        "lastModified": 1740275561,
        "narHash": "sha256-11/dQG/vjpfMi4D7ku2o1UtUMf8Sud0KJ/Le44zHIc8=",
        "owner": "divnix",
        "repo": "call-flake",
        "rev": "dc0f7b1c2eda59f27af418a21eb69a63109f8a7c",
        "type": "github"
      },
      "original": {
        "owner": "divnix",
        "repo": "call-flake",
        "type": "github"
      }
    },
    "dmerge": {
      "inputs": {
        "haumea": [
          "flops",
          "haumea"
        ],
        "nixlib": [
          "flops",
          "nixlib"
        ],
        "yants": [
          "flops",
          "yants"
        ]
      },
      "locked": {
        "lastModified": 1698340621,
        "narHash": "sha256-SFrpyBVYaBVu4kaEm6O9O5P+ZKASMEa2EOQSlC33/Ok=",
        "owner": "divnix",
        "repo": "dmerge",
        "rev": "7e528814b0da207ea12ab3f62f2a928b7b8fe9c6",
        "type": "github"
      },
      "original": {
        "owner": "divnix",
        "repo": "dmerge",
        "type": "github"
      }
    },
    "flops": {
      "inputs": {
        "POP": "POP",
        "call-flake": "call-flake",
        "dmerge": "dmerge",
        "haumea": "haumea",
        "nixlib": "nixlib",
        "yants": "yants"
      },
      "locked": {
        "lastModified": 1741336372,
        "narHash": "sha256-47FoexQFmCHOYmXSNTNNeVuwhxhaGRwg3BPYpFu1Fhw=",
        "owner": "tao3k",
        "repo": "flops",
        "rev": "21674da727002b4e74cbe3f31eeebf4f9a0fd222",
        "type": "github"
      },
      "original": {
        "owner": "tao3k",
        "repo": "flops",
        "type": "github"
      }
    },
    "haumea": {
      "inputs": {
        "nixpkgs": [
          "flops",
          "nixlib"
        ]
      },
      "locked": {
        "lastModified": 1708375098,
        "narHash": "sha256-DaFJp3wDHgOqx98U0SF57bXaH2Orp106c+jSdPCVu1E=",
        "owner": "nix-community",
        "repo": "haumea",
        "rev": "ec6350fd9353e7f27ce0e85d31f82e3ed73e4d70",
        "type": "github"
      },
      "original": {
        "owner": "nix-community",
        "repo": "haumea",
        "type": "github"
      }
    },
    "nixlib": {
      "locked": {
        "lastModified": 1740877520,
        "narHash": "sha256-oiwv/ZK/2FhGxrCkQkB83i7GnWXPPLzoqFHpDD3uYpk=",
        "owner": "nix-community",
        "repo": "nixpkgs.lib",
        "rev": "147dee35aab2193b174e4c0868bd80ead5ce755c",
        "type": "github"
      },
      "original": {
        "owner": "nix-community",
        "repo": "nixpkgs.lib",
        "type": "github"
      }
    },
    "root": {
      "inputs": {
        "flops": "flops"
      }
    },
    "yants": {
      "inputs": {
        "nixpkgs": [
          "flops",
          "nixlib"
        ]
      },
      "locked": {
        "lastModified": 1699522279,
        "narHash": "sha256-ILTqQyhVsouZDfbhEVFJI6b3NDZIQQRluL2dk3bee+Y=",
        "owner": "divnix",
        "repo": "yants",
        "rev": "cde27c2821d925245303650c2914d4b7d3a435cd",
        "type": "github"
      },
      "original": {
        "owner": "divnix",
        "ref": "refs/pull/5/head",
        "repo": "yants",
        "type": "github"
      }
    }
  },
  "root": "root",
  "version": 7
}
