{
  "nodes": {
    "call-flake": {
      "locked": {
        "lastModified": 1700357078,
        "narHash": "sha256-bmhE1TmrJG4ba93l9WQTLuYM53kwGQAjYHRvHOeuxWU=",
        "owner": "divnix",
        "repo": "call-flake",
        "rev": "81eb70478e1891627fc8cf68f3d00507476a8573",
        "type": "github"
      },
      "original": {
        "owner": "divnix",
        "repo": "call-flake",
        "type": "github"
      }
    },
    "root": {
      "inputs": {
        "call-flake": "call-flake"
      }
    }
  },
  "root": "root",
  "version": 7
}
