{
  "nodes": {
    "POP": {
      "inputs": {
        "flake-compat": [
          "omnibus",
          "flops"
        ],
        "nixlib": "nixlib",
        "nixpkgs": [
          "omnibus",
          "flops"
        ]
      },
      "locked": {
        "lastModified": 1655410953,
        "narHash": "sha256-Er0zdhu7QwpWvVKfauqZqTnxDz6THTWOTVWLoz+Opmw=",
        "owner": "divnix",
        "repo": "POP",
        "rev": "8babe4c9126298d05ebb5ab04727d741b51c022e",
        "type": "github"
      },
      "original": {
        "owner": "divnix",
        "repo": "POP",
        "type": "github"
      }
    },
    "call-flake": {
      "locked": {
        "lastModified": 1696728032,
        "narHash": "sha256-bmhE1TmrJG4ba93l9WQTLuYM53kwGQAjYHRvHOeuxWU=",
        "owner": "divnix",
        "repo": "call-flake",
        "rev": "c4928386ea2065351750992411c6e53f11552397",
        "type": "github"
      },
      "original": {
        "owner": "divnix",
        "repo": "call-flake",
        "type": "github"
      }
    },
    "dmerge": {
      "inputs": {
        "haumea": [
          "omnibus",
          "flops",
          "haumea"
        ],
        "nixlib": [
          "omnibus",
          "flops",
          "nixlib"
        ],
        "yants": [
          "omnibus",
          "flops",
          "yants"
        ]
      },
      "locked": {
        "lastModified": 1686862774,
        "narHash": "sha256-ojGtRQ9pIOUrxsQEuEPerUkqIJEuod9hIflfNkY+9CE=",
        "owner": "divnix",
        "repo": "dmerge",
        "rev": "9f7f7a8349d33d7bd02e0f2b484b1f076e503a96",
        "type": "github"
      },
      "original": {
        "owner": "divnix",
        "repo": "dmerge",
        "type": "github"
      }
    },
    "flops": {
      "inputs": {
        "POP": "POP",
        "call-flake": "call-flake",
        "dmerge": "dmerge",
        "haumea": "haumea",
        "nixlib": "nixlib_2",
        "yants": "yants"
      },
      "locked": {
        "lastModified": 1697580729,
        "narHash": "sha256-cKcj+PhCPrf0epQJXf2bDQakwQE6qb5bTvR28IWq10U=",
        "owner": "gtrunsec",
        "repo": "flops",
        "rev": "cfc0e28f868ebc625270e644c31b002ba65e3688",
        "type": "github"
      },
      "original": {
        "owner": "gtrunsec",
        "repo": "flops",
        "type": "github"
      }
    },
    "haumea": {
      "inputs": {
        "nixpkgs": [
          "omnibus",
          "flops",
          "nixlib"
        ]
      },
      "locked": {
        "lastModified": 1696529440,
        "narHash": "sha256-bjWiVgh0zrd3dVb1rb5ODC5UY3tnhs2idbhDBc0ETbI=",
        "owner": "nix-community",
        "repo": "haumea",
        "rev": "d9ec6a90764ddec918ef441e8b83d6aebae9226f",
        "type": "github"
      },
      "original": {
        "owner": "nix-community",
        "repo": "haumea",
        "type": "github"
      }
    },
    "nixlib": {
      "locked": {
        "lastModified": 1653180592,
        "narHash": "sha256-sVGwmxTj7CY1D4ioy7E+iJE+1/yHqQlxjnTpar3ap/E=",
        "owner": "nix-community",
        "repo": "nixpkgs.lib",
        "rev": "42c5f5785b70cd64b4afd830dc31d0b08461abd5",
        "type": "github"
      },
      "original": {
        "owner": "nix-community",
        "repo": "nixpkgs.lib",
        "type": "github"
      }
    },
    "nixlib_2": {
      "locked": {
        "lastModified": 1696726172,
        "narHash": "sha256-89yxFXzTA7JRyWo6hg7SD4DlS/ejYt8Y8IvGZHbSWsg=",
        "owner": "nix-community",
        "repo": "nixpkgs.lib",
        "rev": "59da6ac0c02c48aa92dee37057f978412797db2a",
        "type": "github"
      },
      "original": {
        "owner": "nix-community",
        "repo": "nixpkgs.lib",
        "type": "github"
      }
    },
    "nixpkgs": {
      "locked": {
        "lastModified": 1660438583,
        "narHash": "sha256-rJUTYxFKlWUJI3njAwEc1pKAVooAViZGJvsgqfh/q/E=",
        "owner": "nix-community",
        "repo": "nixpkgs.lib",
        "rev": "bbd8f7cd87d0b29294ef3072ffdbd61d60f05da4",
        "type": "github"
      },
      "original": {
        "owner": "nix-community",
        "repo": "nixpkgs.lib",
        "type": "github"
      }
    },
    "omnibus": {
      "inputs": {
        "POP": [
          "omnibus",
          "flops",
          "POP"
        ],
        "flops": "flops",
        "haumea": [
          "omnibus",
          "flops",
          "haumea"
        ]
      },
      "locked": {
        "lastModified": 1697675849,
        "narHash": "sha256-XNtfsGgDMClMioOUqNkjDpuG+xw8yqf4LuVnHGeEkVM=",
        "owner": "gtrunsec",
        "repo": "omnibus",
        "rev": "fcce11803969b5d99a2abb68397ad884b62443de",
        "type": "github"
      },
      "original": {
        "owner": "gtrunsec",
        "repo": "omnibus",
        "type": "github"
      }
    },
    "root": {
      "inputs": {
        "flops": [
          "omnibus",
          "flops"
        ],
        "haumea": [
          "omnibus",
          "flops",
          "haumea"
        ],
        "omnibus": "omnibus"
      }
    },
    "yants": {
      "inputs": {
        "nixpkgs": "nixpkgs"
      },
      "locked": {
        "lastModified": 1686863218,
        "narHash": "sha256-kooxYm3/3ornWtVBNHM3Zh020gACUyFX2G0VQXnB+mk=",
        "owner": "divnix",
        "repo": "yants",
        "rev": "8f0da0dba57149676aa4817ec0c880fbde7a648d",
        "type": "github"
      },
      "original": {
        "owner": "divnix",
        "repo": "yants",
        "type": "github"
      }
    }
  },
  "root": "root",
  "version": 7
}
